
Microsoft Visual Studio Solution File, Format Version 12.00
# Visual Studio Version 17
VisualStudioVersion = 17.0.32014.148
MinimumVisualStudioVersion = 10.0.40219.1
Project("{FAE04EC0-301F-11D3-BF4B-00C04F79EFBC}") = "SwitchStatements", "SwitchStatements\SwitchStatements.csproj", "{F32F9119-1E58-4AFD-8213-443A63F0F5EE}"
EndProject
Global
	GlobalSection(SolutionConfigurationPlatforms) = preSolution
		Debug|Any CPU = Debug|Any CPU
		Release|Any CPU = Release|Any CPU
	EndGlobalSection
	GlobalSection(ProjectConfigurationPlatforms) = postSolution
		{F32F9119-1E58-4AFD-8213-443A63F0F5EE}.Debug|Any CPU.ActiveCfg = Debug|Any CPU
		{F32F9119-1E58-4AFD-8213-443A63F0F5EE}.Debug|Any CPU.Build.0 = Debug|Any CPU
		{F32F9119-1E58-4AFD-8213-443A63F0F5EE}.Release|Any CPU.ActiveCfg = Release|Any CPU
		{F32F9119-1E58-4AFD-8213-443A63F0F5EE}.Release|Any CPU.Build.0 = Release|Any CPU
	EndGlobalSection
	GlobalSection(SolutionProperties) = preSolution
		HideSolutionNode = FALSE
	EndGlobalSection
	GlobalSection(ExtensibilityGlobals) = postSolution
		SolutionGuid = {418EFAF2-FF94-425A-BF3A-831B190530DE}
	EndGlobalSection
EndGlobal
